name: Force Mirror Changes to any-block

on: workflow_dispatch

jobs:
  force-mirror-anyblock:
    runs-on: ubuntu-latest
    steps:
    - name: Checkout anytype-heart
      uses: actions/checkout@v3
      with:
        token: ${{ secrets.GITHUB_TOKEN }}
        fetch-depth: 2
        path: anytype-heart

    - name: Set variables
      run: |
        echo "any-block-files=pkg/lib/pb/model/protos/models.proto,pb/protos/changes.proto,pb/protos/events.proto" >> "$GITHUB_ENV"

    - name: Update import paths
      run: |
        for file in $(echo "${{ env.any-block-files }}" | tr ',' ' '); do
          sed -i -E '/google/! s/(import\s+")([^\/]+\/)*([^\/]+\.proto")/\1\3/g' "anytype-heart/$file"
        done

    - name: Clone any-block
      uses: actions/checkout@v3
      with:
        repository: anyproto/any-block
        token: ${{ secrets.GITHUB_TOKEN }}
        path: any-block

    - name: Copy changed files to any-block
      run: |
        for file in $(echo "${{ env.any-block-files }}" | tr ',' ' '); do
          cp -f "anytype-heart/$file" any-block/
        done

    - name: Install Go
      uses: actions/setup-go@v4
      with:
        go-version: 'stable'
    
    - name: Generate documentation using proto-gen-doc
      run: |
        cd any-block
        echo "Installing proto"
        sudo apt-get update && sudo apt-get install -y protobuf-compiler
        echo "Installing protoc-gen-doc"
        go install github.com/pseudomuto/protoc-gen-doc/cmd/protoc-gen-doc@latest
        echo "Running protoc"
        protoc --doc_out=. --doc_opt=html,index.html *.proto

    - name: Commit and push changes to any-block
      run: |
        cd any-block
        git config --global user.email "association@anytype.io"
        git config --global user.name "Any Association"
        git add .
        git commit -m "Update proto files"
        git push origin main
